
Microsoft Visual Studio Solution File, Format Version 12.00
# Visual Studio Version 17
VisualStudioVersion = 17.10.34928.147
MinimumVisualStudioVersion = 10.0.40219.1
Project("{FAE04EC0-301F-11D3-BF4B-00C04F79EFBC}") = "ShoppingCartApplication", "ShoppingCartApplication.csproj", "{B9BC85C3-9FB7-4E9A-82B8-06FF2DE47C7A}"
EndProject
Project("{FAE04EC0-301F-11D3-BF4B-00C04F79EFBC}") = "ShoppingCartApplicationTests", "..\ShoppingCartApplicationTests\ShoppingCartApplicationTests.csproj", "{CA5DF960-EA64-430B-9C71-F1C55FE643F6}"
EndProject
Global
	GlobalSection(SolutionConfigurationPlatforms) = preSolution
		Debug|Any CPU = Debug|Any CPU
		Release|Any CPU = Release|Any CPU
	EndGlobalSection
	GlobalSection(ProjectConfigurationPlatforms) = postSolution
		{B9BC85C3-9FB7-4E9A-82B8-06FF2DE47C7A}.Debug|Any CPU.ActiveCfg = Debug|Any CPU
		{B9BC85C3-9FB7-4E9A-82B8-06FF2DE47C7A}.Debug|Any CPU.Build.0 = Debug|Any CPU
		{B9BC85C3-9FB7-4E9A-82B8-06FF2DE47C7A}.Release|Any CPU.ActiveCfg = Release|Any CPU
		{B9BC85C3-9FB7-4E9A-82B8-06FF2DE47C7A}.Release|Any CPU.Build.0 = Release|Any CPU
		{CA5DF960-EA64-430B-9C71-F1C55FE643F6}.Debug|Any CPU.ActiveCfg = Debug|Any CPU
		{CA5DF960-EA64-430B-9C71-F1C55FE643F6}.Debug|Any CPU.Build.0 = Debug|Any CPU
		{CA5DF960-EA64-430B-9C71-F1C55FE643F6}.Release|Any CPU.ActiveCfg = Release|Any CPU
		{CA5DF960-EA64-430B-9C71-F1C55FE643F6}.Release|Any CPU.Build.0 = Release|Any CPU
	EndGlobalSection
	GlobalSection(SolutionProperties) = preSolution
		HideSolutionNode = FALSE
	EndGlobalSection
	GlobalSection(ExtensibilityGlobals) = postSolution
		SolutionGuid = {C606FEAE-1FEF-4CA2-82AF-D2C2B29D75F5}
	EndGlobalSection
EndGlobal
